
Microsoft Visual Studio Solution File, Format Version 12.00
# Visual Studio Version 16
VisualStudioVersion = 16.0.31624.102
MinimumVisualStudioVersion = 10.0.40219.1
Project("{FAE04EC0-301F-11D3-BF4B-00C04F79EFBC}") = "Netcoreapi-Minimal", "Netcoreapi-Minimal\Netcoreapi-Minimal.csproj", "{736D9957-6727-432D-AA95-23B83FA9943F}"
EndProject
Global
	GlobalSection(SolutionConfigurationPlatforms) = preSolution
		Debug|Any CPU = Debug|Any CPU
		Release|Any CPU = Release|Any CPU
	EndGlobalSection
	GlobalSection(ProjectConfigurationPlatforms) = postSolution
		{736D9957-6727-432D-AA95-23B83FA9943F}.Debug|Any CPU.ActiveCfg = Debug|Any CPU
		{736D9957-6727-432D-AA95-23B83FA9943F}.Debug|Any CPU.Build.0 = Debug|Any CPU
		{736D9957-6727-432D-AA95-23B83FA9943F}.Release|Any CPU.ActiveCfg = Release|Any CPU
		{736D9957-6727-432D-AA95-23B83FA9943F}.Release|Any CPU.Build.0 = Release|Any CPU
	EndGlobalSection
	GlobalSection(SolutionProperties) = preSolution
		HideSolutionNode = FALSE
	EndGlobalSection
	GlobalSection(ExtensibilityGlobals) = postSolution
		SolutionGuid = {D0EF433B-06FE-41BF-AA6E-B83D0226F9FA}
	EndGlobalSection
EndGlobal
